
Microsoft Visual Studio Solution File, Format Version 12.00
# Visual Studio 15
VisualStudioVersion = 15.0.28010.2026
MinimumVisualStudioVersion = 10.0.40219.1
Project("{FAE04EC0-301F-11D3-BF4B-00C04F79EFBC}") = "MasterMind", "MasterMind\MasterMind.csproj", "{B7B06C0B-3FD3-4B4C-BD17-027C3ED062B5}"
EndProject
Project("{FAE04EC0-301F-11D3-BF4B-00C04F79EFBC}") = "MasterMindTests", "MasterMindTests\MasterMindTests.csproj", "{685B0954-7C43-4705-9D10-9ED53B9C263A}"
EndProject
Global
	GlobalSection(SolutionConfigurationPlatforms) = preSolution
		Debug|Any CPU = Debug|Any CPU
		Release|Any CPU = Release|Any CPU
	EndGlobalSection
	GlobalSection(ProjectConfigurationPlatforms) = postSolution
		{B7B06C0B-3FD3-4B4C-BD17-027C3ED062B5}.Debug|Any CPU.ActiveCfg = Debug|Any CPU
		{B7B06C0B-3FD3-4B4C-BD17-027C3ED062B5}.Debug|Any CPU.Build.0 = Debug|Any CPU
		{B7B06C0B-3FD3-4B4C-BD17-027C3ED062B5}.Release|Any CPU.ActiveCfg = Release|Any CPU
		{B7B06C0B-3FD3-4B4C-BD17-027C3ED062B5}.Release|Any CPU.Build.0 = Release|Any CPU
		{685B0954-7C43-4705-9D10-9ED53B9C263A}.Debug|Any CPU.ActiveCfg = Debug|Any CPU
		{685B0954-7C43-4705-9D10-9ED53B9C263A}.Debug|Any CPU.Build.0 = Debug|Any CPU
		{685B0954-7C43-4705-9D10-9ED53B9C263A}.Release|Any CPU.ActiveCfg = Release|Any CPU
		{685B0954-7C43-4705-9D10-9ED53B9C263A}.Release|Any CPU.Build.0 = Release|Any CPU
	EndGlobalSection
	GlobalSection(SolutionProperties) = preSolution
		HideSolutionNode = FALSE
	EndGlobalSection
	GlobalSection(ExtensibilityGlobals) = postSolution
		SolutionGuid = {79FCB919-E8C5-4995-BB2B-41783EBAECC7}
	EndGlobalSection
EndGlobal
